// !$*UTF8*$!
{
	archiveVersion = 1;
	classes = {
	};
	objectVersion = 50;
	objects = {

/* Begin PBXBuildFile section */
		DEE33D6D2788F5B2000BA3E2 /* Emoji_DictionaryApp.swift in Sources */ = {isa = PBXBuildFile; fileRef = DEE33D6C2788F5B2000BA3E2 /* Emoji_DictionaryApp.swift */; };
		DEE33D6F2788F5B2000BA3E2 /* Emoji_List.swift in Sources */ = {isa = PBXBuildFile; fileRef = DEE33D6E2788F5B2000BA3E2 /* Emoji_List.swift */; };
		DEE33D712788F5B4000BA3E2 /* Assets.xcassets in Resources */ = {isa = PBXBuildFile; fileRef = DEE33D702788F5B4000BA3E2 /* Assets.xcassets */; };
		DEE33D742788F5B4000BA3E2 /* Preview Assets.xcassets in Resources */ = {isa = PBXBuildFile; fileRef = DEE33D732788F5B4000BA3E2 /* Preview Assets.xcassets */; };
		DEE33D7E2789DE77000BA3E2 /* EmojiDetailView.swift in Sources */ = {isa = PBXBuildFile; fileRef = DEE33D7D2789DE77000BA3E2 /* EmojiDetailView.swift */; };
/* End PBXBuildFile section */

/* Begin PBXFileReference section */
		DEE33D692788F5B2000BA3E2 /* Emoji_Dictionary.app */ = {isa = PBXFileReference; explicitFileType = wrapper.application; includeInIndex = 0; path = Emoji_Dictionary.app; sourceTree = BUILT_PRODUCTS_DIR; };
		DEE33D6C2788F5B2000BA3E2 /* Emoji_DictionaryApp.swift */ = {isa = PBXFileReference; lastKnownFileType = sourcecode.swift; path = Emoji_DictionaryApp.swift; sourceTree = "<group>"; };
		DEE33D6E2788F5B2000BA3E2 /* Emoji_List.swift */ = {isa = PBXFileReference; lastKnownFileType = sourcecode.swift; path = Emoji_List.swift; sourceTree = "<group>"; };
		DEE33D702788F5B4000BA3E2 /* Assets.xcassets */ = {isa = PBXFileReference; lastKnownFileType = folder.assetcatalog; path = Assets.xcassets; sourceTree = "<group>"; };
		DEE33D732788F5B4000BA3E2 /* Preview Assets.xcassets */ = {isa = PBXFileReference; lastKnownFileType = folder.assetcatalog; path = "Preview Assets.xcassets"; sourceTree = "<group>"; };
		DEE33D752788F5B4000BA3E2 /* Info.plist */ = {isa = PBXFileReference; lastKnownFileType = text.plist.xml; path = Info.plist; sourceTree = "<group>"; };
		DEE33D7D2789DE77000BA3E2 /* EmojiDetailView.swift */ = {isa = PBXFileReference; lastKnownFileType = sourcecode.swift; path = EmojiDetailView.swift; sourceTree = "<group>"; };
/* End PBXFileReference section */

/* Begin PBXFrameworksBuildPhase section */
		DEE33D662788F5B2000BA3E2 /* Frameworks */ = {
			isa = PBXFrameworksBuildPhase;
			buildActionMask = 2147483647;
			files = (
			);
			runOnlyForDeploymentPostprocessing = 0;
		};
/* End PBXFrameworksBuildPhase section */

/* Begin PBXGroup section */
		DEE33D602788F5B2000BA3E2 = {
			isa = PBXGroup;
			children = (
				DEE33D6B2788F5B2000BA3E2 /* Emoji_Dictionary */,
				DEE33D6A2788F5B2000BA3E2 /* Products */,
			);
			sourceTree = "<group>";
		};
		DEE33D6A2788F5B2000BA3E2 /* Products */ = {
			isa = PBXGroup;
			children = (
				DEE33D692788F5B2000BA3E2 /* Emoji_Dictionary.app */,
			);
			name = Products;
			sourceTree = "<group>";
		};
		DEE33D6B2788F5B2000BA3E2 /* Emoji_Dictionary */ = {
			isa = PBXGroup;
			children = (
				DEE33D6C2788F5B2000BA3E2 /* Emoji_DictionaryApp.swift */,
				DEE33D6E2788F5B2000BA3E2 /* Emoji_List.swift */,
				DEE33D702788F5B4000BA3E2 /* Assets.xcassets */,
				DEE33D752788F5B4000BA3E2 /* Info.plist */,
				DEE33D722788F5B4000BA3E2 /* Preview Content */,
				DEE33D7D2789DE77000BA3E2 /* EmojiDetailView.swift */,
			);
			path = Emoji_Dictionary;
			sourceTree = "<group>";
		};
		DEE33D722788F5B4000BA3E2 /* Preview Content */ = {
			isa = PBXGroup;
			children = (
				DEE33D732788F5B4000BA3E2 /* Preview Assets.xcassets */,
			);
			path = "Preview Content";
			sourceTree = "<group>";
		};
/* End PBXGroup section */

/* Begin PBXNativeTarget section */
		DEE33D682788F5B2000BA3E2 /* Emoji_Dictionary */ = {
			isa = PBXNativeTarget;
			buildConfigurationList = DEE33D782788F5B4000BA3E2 /* Build configuration list for PBXNativeTarget "Emoji_Dictionary" */;
			buildPhases = (
				DEE33D652788F5B2000BA3E2 /* Sources */,
				DEE33D662788F5B2000BA3E2 /* Frameworks */,
				DEE33D672788F5B2000BA3E2 /* Resources */,
			);
			buildRules = (
			);
			dependencies = (
			);
			name = Emoji_Dictionary;
			productName = Emoji_Dictionary;
			productReference = DEE33D692788F5B2000BA3E2 /* Emoji_Dictionary.app */;
			productType = "com.apple.product-type.application";
		};
/* End PBXNativeTarget section */

/* Begin PBXProject section */
		DEE33D612788F5B2000BA3E2 /* Project object */ = {
			isa = PBXProject;
			attributes = {
				LastSwiftUpdateCheck = 1230;
				LastUpgradeCheck = 1230;
				TargetAttributes = {
					DEE33D682788F5B2000BA3E2 = {
						CreatedOnToolsVersion = 12.3;
					};
				};
			};
			buildConfigurationList = DEE33D642788F5B2000BA3E2 /* Build configuration list for PBXProject "Emoji_Dictionary" */;
			compatibilityVersion = "Xcode 9.3";
			developmentRegion = en;
			hasScannedForEncodings = 0;
			knownRegions = (
				en,
				Base,
			);
			mainGroup = DEE33D602788F5B2000BA3E2;
			productRefGroup = DEE33D6A2788F5B2000BA3E2 /* Products */;
			projectDirPath = "";
			projectRoot = "";
			targets = (
				DEE33D682788F5B2000BA3E2 /* Emoji_Dictionary */,
			);
		};
/* End PBXProject section */

/* Begin PBXResourcesBuildPhase section */
		DEE33D672788F5B2000BA3E2 /* Resources */ = {
			isa = PBXResourcesBuildPhase;
			buildActionMask = 2147483647;
			files = (
				DEE33D742788F5B4000BA3E2 /* Preview Assets.xcassets in Resources */,
				DEE33D712788F5B4000BA3E2 /* Assets.xcassets in Resources */,
			);
			runOnlyForDeploymentPostprocessing = 0;
		};
/* End PBXResourcesBuildPhase section */

/* Begin PBXSourcesBuildPhase section */
		DEE33D652788F5B2000BA3E2 /* Sources */ = {
			isa = PBXSourcesBuildPhase;
			buildActionMask = 2147483647;
			files = (
				DEE33D6F2788F5B2000BA3E2 /* Emoji_List.swift in Sources */,
				DEE33D7E2789DE77000BA3E2 /* EmojiDetailView.swift in Sources */,
				DEE33D6D2788F5B2000BA3E2 /* Emoji_DictionaryApp.swift in Sources */,
			);
			runOnlyForDeploymentPostprocessing = 0;
		};
/* End PBXSourcesBuildPhase section */

/* Begin XCBuildConfiguration section */
		DEE33D762788F5B4000BA3E2 /* Debug */ = {
			isa = XCBuildConfiguration;
			buildSettings = {
				ALWAYS_SEARCH_USER_PATHS = NO;
				CLANG_ANALYZER_NONNULL = YES;
				CLANG_ANALYZER_NUMBER_OBJECT_CONVERSION = YES_AGGRESSIVE;
				CLANG_CXX_LANGUAGE_STANDARD = "gnu++14";
				CLANG_CXX_LIBRARY = "libc++";
				CLANG_ENABLE_MODULES = YES;
				CLANG_ENABLE_OBJC_ARC = YES;
				CLANG_ENABLE_OBJC_WEAK = YES;
				CLANG_WARN_BLOCK_CAPTURE_AUTORELEASING = YES;
				CLANG_WARN_BOOL_CONVERSION = YES;
				CLANG_WARN_COMMA = YES;
				CLANG_WARN_CONSTANT_CONVERSION = YES;
				CLANG_WARN_DEPRECATED_OBJC_IMPLEMENTATIONS = YES;
				CLANG_WARN_DIRECT_OBJC_ISA_USAGE = YES_ERROR;
				CLANG_WARN_DOCUMENTATION_COMMENTS = YES;
				CLANG_WARN_EMPTY_BODY = YES;
				CLANG_WARN_ENUM_CONVERSION = YES;
				CLANG_WARN_INFINITE_RECURSION = YES;
				CLANG_WARN_INT_CONVERSION = YES;
				CLANG_WARN_NON_LITERAL_NULL_CONVERSION = YES;
				CLANG_WARN_OBJC_IMPLICIT_RETAIN_SELF = YES;
				CLANG_WARN_OBJC_LITERAL_CONVERSION = YES;
				CLANG_WARN_OBJC_ROOT_CLASS = YES_ERROR;
				CLANG_WARN_QUOTED_INCLUDE_IN_FRAMEWORK_HEADER = YES;
				CLANG_WARN_RANGE_LOOP_ANALYSIS = YES;
				CLANG_WARN_STRICT_PROTOTYPES = YES;
				CLANG_WARN_SUSPICIOUS_MOVE = YES;
				CLANG_WARN_UNGUARDED_AVAILABILITY = YES_AGGRESSIVE;
				CLANG_WARN_UNREACHABLE_CODE = YES;
				CLANG_WARN__DUPLICATE_METHOD_MATCH = YES;
				COPY_PHASE_STRIP = NO;
				DEBUG_INFORMATION_FORMAT = dwarf;
				ENABLE_STRICT_OBJC_MSGSEND = YES;
				ENABLE_TESTABILITY = YES;
				GCC_C_LANGUAGE_STANDARD = gnu11;
				GCC_DYNAMIC_NO_PIC = NO;
				GCC_NO_COMMON_BLOCKS = YES;
				GCC_OPTIMIZATION_LEVEL = 0;
				GCC_PREPROCESSOR_DEFINITIONS = (
					"DEBUG=1",
					"$(inherited)",
				);
				GCC_WARN_64_TO_32_BIT_CONVERSION = YES;
				GCC_WARN_ABOUT_RETURN_TYPE = YES_ERROR;
				GCC_WARN_UNDECLARED_SELECTOR = YES;
				GCC_WARN_UNINITIALIZED_AUTOS = YES_AGGRESSIVE;
				GCC_WARN_UNUSED_FUNCTION = YES;
				GCC_WARN_UNUSED_VARIABLE = YES;
				IPHONEOS_DEPLOYMENT_TARGET = 14.3;
				MTL_ENABLE_DEBUG_INFO = INCLUDE_SOURCE;
				MTL_FAST_MATH = YES;
				ONLY_ACTIVE_ARCH = YES;
				SDKROOT = iphoneos;
				SWIFT_ACTIVE_COMPILATION_CONDITIONS = DEBUG;
				SWIFT_OPTIMIZATION_LEVEL = "-Onone";
			};
			name = Debug;
		};
		DEE33D772788F5B4000BA3E2 /* Release */ = {
			isa = XCBuildConfiguration;
			buildSettings = {
				ALWAYS_SEARCH_USER_PATHS = NO;
				CLANG_ANALYZER_NONNULL = YES;
				CLANG_ANALYZER_NUMBER_OBJECT_CONVERSION = YES_AGGRESSIVE;
				CLANG_CXX_LANGUAGE_STANDARD = "gnu++14";
				CLANG_CXX_LIBRARY = "libc++";
				CLANG_ENABLE_MODULES = YES;
				CLANG_ENABLE_OBJC_ARC = YES;
				CLANG_ENABLE_OBJC_WEAK = YES;
				CLANG_WARN_BLOCK_CAPTURE_AUTORELEASING = YES;
				CLANG_WARN_BOOL_CONVERSION = YES;
				CLANG_WARN_COMMA = YES;
				CLANG_WARN_CONSTANT_CONVERSION = YES;
				CLANG_WARN_DEPRECATED_OBJC_IMPLEMENTATIONS = YES;
				CLANG_WARN_DIRECT_OBJC_ISA_USAGE = YES_ERROR;
				CLANG_WARN_DOCUMENTATION_COMMENTS = YES;
				CLANG_WARN_EMPTY_BODY = YES;
				CLANG_WARN_ENUM_CONVERSION = YES;
				CLANG_WARN_INFINITE_RECURSION = YES;
				CLANG_WARN_INT_CONVERSION = YES;
				CLANG_WARN_NON_LITERAL_NULL_CONVERSION = YES;
				CLANG_WARN_OBJC_IMPLICIT_RETAIN_SELF = YES;
				CLANG_WARN_OBJC_LITERAL_CONVERSION = YES;
				CLANG_WARN_OBJC_ROOT_CLASS = YES_ERROR;
				CLANG_WARN_QUOTED_INCLUDE_IN_FRAMEWORK_HEADER = YES;
				CLANG_WARN_RANGE_LOOP_ANALYSIS = YES;
				CLANG_WARN_STRICT_PROTOTYPES = YES;
				CLANG_WARN_SUSPICIOUS_MOVE = YES;
				CLANG_WARN_UNGUARDED_AVAILABILITY = YES_AGGRESSIVE;
				CLANG_WARN_UNREACHABLE_CODE = YES;
				CLANG_WARN__DUPLICATE_METHOD_MATCH = YES;
				COPY_PHASE_STRIP = NO;
				DEBUG_INFORMATION_FORMAT = "dwarf-with-dsym";
				ENABLE_NS_ASSERTIONS = NO;
				ENABLE_STRICT_OBJC_MSGSEND = YES;
				GCC_C_LANGUAGE_STANDARD = gnu11;
				GCC_NO_COMMON_BLOCKS = YES;
				GCC_WARN_64_TO_32_BIT_CONVERSION = YES;
				GCC_WARN_ABOUT_RETURN_TYPE = YES_ERROR;
				GCC_WARN_UNDECLARED_SELECTOR = YES;
				GCC_WARN_UNINITIALIZED_AUTOS = YES_AGGRESSIVE;
				GCC_WARN_UNUSED_FUNCTION = YES;
				GCC_WARN_UNUSED_VARIABLE = YES;
				IPHONEOS_DEPLOYMENT_TARGET = 14.3;
				MTL_ENABLE_DEBUG_INFO = NO;
				MTL_FAST_MATH = YES;
				SDKROOT = iphoneos;
				SWIFT_COMPILATION_MODE = wholemodule;
				SWIFT_OPTIMIZATION_LEVEL = "-O";
				VALIDATE_PRODUCT = YES;
			};
			name = Release;
		};
		DEE33D792788F5B4000BA3E2 /* Debug */ = {
			isa = XCBuildConfiguration;
			buildSettings = {
				ASSETCATALOG_COMPILER_APPICON_NAME = AppIcon;
				ASSETCATALOG_COMPILER_GLOBAL_ACCENT_COLOR_NAME = AccentColor;
				CODE_SIGN_STYLE = Automatic;
				DEVELOPMENT_ASSET_PATHS = "\"Emoji_Dictionary/Preview Content\"";
				DEVELOPMENT_TEAM = 5UXWG8JHUY;
				ENABLE_PREVIEWS = YES;
				INFOPLIST_FILE = Emoji_Dictionary/Info.plist;
				IPHONEOS_DEPLOYMENT_TARGET = 14.0;
				LD_RUNPATH_SEARCH_PATHS = (
					"$(inherited)",
					"@executable_path/Frameworks",
				);
				PRODUCT_BUNDLE_IDENTIFIER = "com.MidnightMachine.Emoji-Dictionary";
				PRODUCT_NAME = "$(TARGET_NAME)";
				SWIFT_VERSION = 5.0;
				TARGETED_DEVICE_FAMILY = "1,2";
			};
			name = Debug;
		};
		DEE33D7A2788F5B4000BA3E2 /* Release */ = {
			isa = XCBuildConfiguration;
			buildSettings = {
				ASSETCATALOG_COMPILER_APPICON_NAME = AppIcon;
				ASSETCATALOG_COMPILER_GLOBAL_ACCENT_COLOR_NAME = AccentColor;
				CODE_SIGN_STYLE = Automatic;
				DEVELOPMENT_ASSET_PATHS = "\"Emoji_Dictionary/Preview Content\"";
				DEVELOPMENT_TEAM = 5UXWG8JHUY;
				ENABLE_PREVIEWS = YES;
				INFOPLIST_FILE = Emoji_Dictionary/Info.plist;
				IPHONEOS_DEPLOYMENT_TARGET = 14.0;
				LD_RUNPATH_SEARCH_PATHS = (
					"$(inherited)",
					"@executable_path/Frameworks",
				);
				PRODUCT_BUNDLE_IDENTIFIER = "com.MidnightMachine.Emoji-Dictionary";
				PRODUCT_NAME = "$(TARGET_NAME)";
				SWIFT_VERSION = 5.0;
				TARGETED_DEVICE_FAMILY = "1,2";
			};
			name = Release;
		};
/* End XCBuildConfiguration section */

/* Begin XCConfigurationList section */
		DEE33D642788F5B2000BA3E2 /* Build configuration list for PBXProject "Emoji_Dictionary" */ = {
			isa = XCConfigurationList;
			buildConfigurations = (
				DEE33D762788F5B4000BA3E2 /* Debug */,
				DEE33D772788F5B4000BA3E2 /* Release */,
			);
			defaultConfigurationIsVisible = 0;
			defaultConfigurationName = Release;
		};
		DEE33D782788F5B4000BA3E2 /* Build configuration list for PBXNativeTarget "Emoji_Dictionary" */ = {
			isa = XCConfigurationList;
			buildConfigurations = (
				DEE33D792788F5B4000BA3E2 /* Debug */,
				DEE33D7A2788F5B4000BA3E2 /* Release */,
			);
			defaultConfigurationIsVisible = 0;
			defaultConfigurationName = Release;
		};
/* End XCConfigurationList section */
	};
	rootObject = DEE33D612788F5B2000BA3E2 /* Project object */;
}
